
Microsoft Visual Studio Solution File, Format Version 12.00
# Visual Studio Version 17
VisualStudioVersion = 17.11.35327.3
MinimumVisualStudioVersion = 10.0.40219.1
Project("{FAE04EC0-301F-11D3-BF4B-00C04F79EFBC}") = "Calci1", "Calci1\Calci1.csproj", "{E603CA60-3197-497C-878C-BB832538E1F0}"
EndProject
Global
	GlobalSection(SolutionConfigurationPlatforms) = preSolution
		Debug|Any CPU = Debug|Any CPU
		Release|Any CPU = Release|Any CPU
	EndGlobalSection
	GlobalSection(ProjectConfigurationPlatforms) = postSolution
		{E603CA60-3197-497C-878C-BB832538E1F0}.Debug|Any CPU.ActiveCfg = Debug|Any CPU
		{E603CA60-3197-497C-878C-BB832538E1F0}.Debug|Any CPU.Build.0 = Debug|Any CPU
		{E603CA60-3197-497C-878C-BB832538E1F0}.Release|Any CPU.ActiveCfg = Release|Any CPU
		{E603CA60-3197-497C-878C-BB832538E1F0}.Release|Any CPU.Build.0 = Release|Any CPU
	EndGlobalSection
	GlobalSection(SolutionProperties) = preSolution
		HideSolutionNode = FALSE
	EndGlobalSection
	GlobalSection(ExtensibilityGlobals) = postSolution
		SolutionGuid = {F7CAA382-1108-4634-96F7-80BA6E65BEB6}
	EndGlobalSection
EndGlobal
